schema: '2.0'
stages:
  data_ingestion:
    cmd: python src/cnnClassifier/pipeline/stage_01_data_ingestion.py
    deps:
    - path: config/config.yaml
      hash: md5
      md5: db9463e6f141a851e62f8100cfba2246
      size: 582
    - path: src/cnnClassifier/pipeline/stage_01_data_ingestion.py
      hash: md5
      md5: 5a24c8e8f35413026b723a923ab3cc5d
      size: 884
    outs:
    - path: artifacts/data_ingestion/Chest-CT-Scan-data
      hash: md5
      md5: 904fa45d934ce879b3b1933dca6cb2f1.dir
      size: 49247431
      nfiles: 343
  prepare_base_model:
    cmd: python src/cnnClassifier/pipeline/stage_02_prepare_base_model.py
    deps:
    - path: config/config.yaml
      hash: md5
      md5: db9463e6f141a851e62f8100cfba2246
      size: 582
    - path: src/cnnClassifier/pipeline/stage_02_prepare_base_model.py
      hash: md5
      md5: 81cbb3ca39daf4c404c955f15b6c2942
      size: 967
    params:
      params.yaml:
        CLASSES: 2
        IMAGE_SIZE:
        - 224
        - 224
        - 3
        INCLUDE_TOP: false
        LEARNING_RATE: 0.01
        WEIGHTS: imagenet
    outs:
    - path: artifacts/prepare_base_model
      hash: md5
      md5: 0cd8fd854de986c6da1df067557f95d0.dir
      size: 118073464
      nfiles: 2
  training:
    cmd: "set PYTHONPATH=%cd%\\src && python src/cnnClassifier/pipeline/stage_03_model_trainer.py\n"
    deps:
    - path: artifacts/data_ingestion/Chest-CT-Scan-data
      hash: md5
      md5: 904fa45d934ce879b3b1933dca6cb2f1.dir
      size: 49247431
      nfiles: 343
    - path: artifacts/prepare_base_model
      hash: md5
      md5: 0cd8fd854de986c6da1df067557f95d0.dir
      size: 118073464
      nfiles: 2
    - path: config/config.yaml
      hash: md5
      md5: db9463e6f141a851e62f8100cfba2246
      size: 582
    - path: src/cnnClassifier/pipeline/stage_03_model_trainer.py
      hash: md5
      md5: c33e23d2c123f157b2ab007c8e9d938f
      size: 893
    params:
      params.yaml:
        AUGMENTATION: true
        BATCH_SIZE: 16
        EPOCHS: 1
        IMAGE_SIZE:
        - 224
        - 224
        - 3
    outs:
    - path: artifacts/training/model.keras
      hash: md5
      md5: 5cf609485ca28fe229e7b1796670a8c9
      size: 59537539
  evaluation:
    cmd: set PYTHONPATH=%cd%\src && python src/cnnClassifier/pipeline/stage_04_model_evaluation.py
    deps:
    - path: artifacts/data_ingestion/Chest-CT-Scan-data
      hash: md5
      md5: 904fa45d934ce879b3b1933dca6cb2f1.dir
      size: 49247431
      nfiles: 343
    - path: artifacts/training/model.keras
      hash: md5
      md5: 5cf609485ca28fe229e7b1796670a8c9
      size: 59537539
    - path: config/config.yaml
      hash: md5
      md5: db9463e6f141a851e62f8100cfba2246
      size: 582
    - path: src/cnnClassifier/pipeline/stage_04_model_evaluation.py
      hash: md5
      md5: e7405515670a79c9ed739630f9a6f1da
      size: 904
    params:
      params.yaml:
        BATCH_SIZE: 16
        IMAGE_SIZE:
        - 224
        - 224
        - 3
    outs:
    - path: scores.json
      hash: md5
      md5: 62fac6f90db51bac205b994be5007626
      size: 70
